// !$*UTF8*$!
{
	archiveVersion = 1;
	classes = {
	};
	objectVersion = 77;
	objects = {

/* Begin PBXContainerItemProxy section */
		50FB1B9D2F200EB4005372E4 /* PBXContainerItemProxy */ = {
			isa = PBXContainerItemProxy;
			containerPortal = 50FB1B872F200EB3005372E4 /* Project object */;
			proxyType = 1;
			remoteGlobalIDString = 50FB1B8E2F200EB3005372E4;
			remoteInfo = "jiji-purinto";
		};
		50FB1BA72F200EB4005372E4 /* PBXContainerItemProxy */ = {
			isa = PBXContainerItemProxy;
			containerPortal = 50FB1B872F200EB3005372E4 /* Project object */;
			proxyType = 1;
			remoteGlobalIDString = 50FB1B8E2F200EB3005372E4;
			remoteInfo = "jiji-purinto";
		};
/* End PBXContainerItemProxy section */

/* Begin PBXFileReference section */
		50FB1B8F2F200EB3005372E4 /* jiji-purinto.app */ = {isa = PBXFileReference; explicitFileType = wrapper.application; includeInIndex = 0; path = "jiji-purinto.app"; sourceTree = BUILT_PRODUCTS_DIR; };
		50FB1B9C2F200EB4005372E4 /* jiji-purintoTests.xctest */ = {isa = PBXFileReference; explicitFileType = wrapper.cfbundle; includeInIndex = 0; path = "jiji-purintoTests.xctest"; sourceTree = BUILT_PRODUCTS_DIR; };
		50FB1BA62F200EB4005372E4 /* jiji-purintoUITests.xctest */ = {isa = PBXFileReference; explicitFileType = wrapper.cfbundle; includeInIndex = 0; path = "jiji-purintoUITests.xctest"; sourceTree = BUILT_PRODUCTS_DIR; };
/* End PBXFileReference section */

/* Begin PBXFileSystemSynchronizedRootGroup section */
		50FB1B912F200EB3005372E4 /* jiji-purinto */ = {
			isa = PBXFileSystemSynchronizedRootGroup;
			path = "jiji-purinto";
			sourceTree = "<group>";
		};
		50FB1B9F2F200EB4005372E4 /* jiji-purintoTests */ = {
			isa = PBXFileSystemSynchronizedRootGroup;
			path = "jiji-purintoTests";
			sourceTree = "<group>";
		};
		50FB1BA92F200EB4005372E4 /* jiji-purintoUITests */ = {
			isa = PBXFileSystemSynchronizedRootGroup;
			path = "jiji-purintoUITests";
			sourceTree = "<group>";
		};
/* End PBXFileSystemSynchronizedRootGroup section */

/* Begin PBXFrameworksBuildPhase section */
		50FB1B8C2F200EB3005372E4 /* Frameworks */ = {
			isa = PBXFrameworksBuildPhase;
			buildActionMask = 2147483647;
			files = (
			);
			runOnlyForDeploymentPostprocessing = 0;
		};
		50FB1B992F200EB4005372E4 /* Frameworks */ = {
			isa = PBXFrameworksBuildPhase;
			buildActionMask = 2147483647;
			files = (
			);
			runOnlyForDeploymentPostprocessing = 0;
		};
		50FB1BA32F200EB4005372E4 /* Frameworks */ = {
			isa = PBXFrameworksBuildPhase;
			buildActionMask = 2147483647;
			files = (
			);
			runOnlyForDeploymentPostprocessing = 0;
		};
/* End PBXFrameworksBuildPhase section */

/* Begin PBXGroup section */
		50FB1B862F200EB3005372E4 = {
			isa = PBXGroup;
			children = (
				50FB1B912F200EB3005372E4 /* jiji-purinto */,
				50FB1B9F2F200EB4005372E4 /* jiji-purintoTests */,
				50FB1BA92F200EB4005372E4 /* jiji-purintoUITests */,
				50FB1B902F200EB3005372E4 /* Products */,
			);
			sourceTree = "<group>";
		};
		50FB1B902F200EB3005372E4 /* Products */ = {
			isa = PBXGroup;
			children = (
				50FB1B8F2F200EB3005372E4 /* jiji-purinto.app */,
				50FB1B9C2F200EB4005372E4 /* jiji-purintoTests.xctest */,
				50FB1BA62F200EB4005372E4 /* jiji-purintoUITests.xctest */,
			);
			name = Products;
			sourceTree = "<group>";
		};
/* End PBXGroup section */

/* Begin PBXNativeTarget section */
		50FB1B8E2F200EB3005372E4 /* jiji-purinto */ = {
			isa = PBXNativeTarget;
			buildConfigurationList = 50FB1BB02F200EB4005372E4 /* Build configuration list for PBXNativeTarget "jiji-purinto" */;
			buildPhases = (
				50FB1B8B2F200EB3005372E4 /* Sources */,
				50FB1B8C2F200EB3005372E4 /* Frameworks */,
				50FB1B8D2F200EB3005372E4 /* Resources */,
			);
			buildRules = (
			);
			dependencies = (
			);
			fileSystemSynchronizedGroups = (
				50FB1B912F200EB3005372E4 /* jiji-purinto */,
			);
			name = "jiji-purinto";
			packageProductDependencies = (
			);
			productName = "jiji-purinto";
			productReference = 50FB1B8F2F200EB3005372E4 /* jiji-purinto.app */;
			productType = "com.apple.product-type.application";
		};
		50FB1B9B2F200EB4005372E4 /* jiji-purintoTests */ = {
			isa = PBXNativeTarget;
			buildConfigurationList = 50FB1BB32F200EB4005372E4 /* Build configuration list for PBXNativeTarget "jiji-purintoTests" */;
			buildPhases = (
				50FB1B982F200EB4005372E4 /* Sources */,
				50FB1B992F200EB4005372E4 /* Frameworks */,
				50FB1B9A2F200EB4005372E4 /* Resources */,
			);
			buildRules = (
			);
			dependencies = (
				50FB1B9E2F200EB4005372E4 /* PBXTargetDependency */,
			);
			fileSystemSynchronizedGroups = (
				50FB1B9F2F200EB4005372E4 /* jiji-purintoTests */,
			);
			name = "jiji-purintoTests";
			packageProductDependencies = (
			);
			productName = "jiji-purintoTests";
			productReference = 50FB1B9C2F200EB4005372E4 /* jiji-purintoTests.xctest */;
			productType = "com.apple.product-type.bundle.unit-test";
		};
		50FB1BA52F200EB4005372E4 /* jiji-purintoUITests */ = {
			isa = PBXNativeTarget;
			buildConfigurationList = 50FB1BB62F200EB4005372E4 /* Build configuration list for PBXNativeTarget "jiji-purintoUITests" */;
			buildPhases = (
				50FB1BA22F200EB4005372E4 /* Sources */,
				50FB1BA32F200EB4005372E4 /* Frameworks */,
				50FB1BA42F200EB4005372E4 /* Resources */,
			);
			buildRules = (
			);
			dependencies = (
				50FB1BA82F200EB4005372E4 /* PBXTargetDependency */,
			);
			fileSystemSynchronizedGroups = (
				50FB1BA92F200EB4005372E4 /* jiji-purintoUITests */,
			);
			name = "jiji-purintoUITests";
			packageProductDependencies = (
			);
			productName = "jiji-purintoUITests";
			productReference = 50FB1BA62F200EB4005372E4 /* jiji-purintoUITests.xctest */;
			productType = "com.apple.product-type.bundle.ui-testing";
		};
/* End PBXNativeTarget section */

/* Begin PBXProject section */
		50FB1B872F200EB3005372E4 /* Project object */ = {
			isa = PBXProject;
			attributes = {
				BuildIndependentTargetsInParallel = 1;
				LastSwiftUpdateCheck = 1640;
				LastUpgradeCheck = 1640;
				TargetAttributes = {
					50FB1B8E2F200EB3005372E4 = {
						CreatedOnToolsVersion = 16.4;
					};
					50FB1B9B2F200EB4005372E4 = {
						CreatedOnToolsVersion = 16.4;
						TestTargetID = 50FB1B8E2F200EB3005372E4;
					};
					50FB1BA52F200EB4005372E4 = {
						CreatedOnToolsVersion = 16.4;
						TestTargetID = 50FB1B8E2F200EB3005372E4;
					};
				};
			};
			buildConfigurationList = 50FB1B8A2F200EB3005372E4 /* Build configuration list for PBXProject "jiji-purinto" */;
			developmentRegion = en;
			hasScannedForEncodings = 0;
			knownRegions = (
				en,
				Base,
			);
			mainGroup = 50FB1B862F200EB3005372E4;
			minimizedProjectReferenceProxies = 1;
			preferredProjectObjectVersion = 77;
			productRefGroup = 50FB1B902F200EB3005372E4 /* Products */;
			projectDirPath = "";
			projectRoot = "";
			targets = (
				50FB1B8E2F200EB3005372E4 /* jiji-purinto */,
				50FB1B9B2F200EB4005372E4 /* jiji-purintoTests */,
				50FB1BA52F200EB4005372E4 /* jiji-purintoUITests */,
			);
		};
/* End PBXProject section */

/* Begin PBXResourcesBuildPhase section */
		50FB1B8D2F200EB3005372E4 /* Resources */ = {
			isa = PBXResourcesBuildPhase;
			buildActionMask = 2147483647;
			files = (
			);
			runOnlyForDeploymentPostprocessing = 0;
		};
		50FB1B9A2F200EB4005372E4 /* Resources */ = {
			isa = PBXResourcesBuildPhase;
			buildActionMask = 2147483647;
			files = (
			);
			runOnlyForDeploymentPostprocessing = 0;
		};
		50FB1BA42F200EB4005372E4 /* Resources */ = {
			isa = PBXResourcesBuildPhase;
			buildActionMask = 2147483647;
			files = (
			);
			runOnlyForDeploymentPostprocessing = 0;
		};
/* End PBXResourcesBuildPhase section */

/* Begin PBXSourcesBuildPhase section */
		50FB1B8B2F200EB3005372E4 /* Sources */ = {
			isa = PBXSourcesBuildPhase;
			buildActionMask = 2147483647;
			files = (
			);
			runOnlyForDeploymentPostprocessing = 0;
		};
		50FB1B982F200EB4005372E4 /* Sources */ = {
			isa = PBXSourcesBuildPhase;
			buildActionMask = 2147483647;
			files = (
			);
			runOnlyForDeploymentPostprocessing = 0;
		};
		50FB1BA22F200EB4005372E4 /* Sources */ = {
			isa = PBXSourcesBuildPhase;
			buildActionMask = 2147483647;
			files = (
			);
			runOnlyForDeploymentPostprocessing = 0;
		};
/* End PBXSourcesBuildPhase section */

/* Begin PBXTargetDependency section */
		50FB1B9E2F200EB4005372E4 /* PBXTargetDependency */ = {
			isa = PBXTargetDependency;
			target = 50FB1B8E2F200EB3005372E4 /* jiji-purinto */;
			targetProxy = 50FB1B9D2F200EB4005372E4 /* PBXContainerItemProxy */;
		};
		50FB1BA82F200EB4005372E4 /* PBXTargetDependency */ = {
			isa = PBXTargetDependency;
			target = 50FB1B8E2F200EB3005372E4 /* jiji-purinto */;
			targetProxy = 50FB1BA72F200EB4005372E4 /* PBXContainerItemProxy */;
		};
/* End PBXTargetDependency section */

/* Begin XCBuildConfiguration section */
		50FB1BAE2F200EB4005372E4 /* Debug */ = {
			isa = XCBuildConfiguration;
			buildSettings = {
				ALWAYS_SEARCH_USER_PATHS = NO;
				ASSETCATALOG_COMPILER_GENERATE_SWIFT_ASSET_SYMBOL_EXTENSIONS = YES;
				CLANG_ANALYZER_NONNULL = YES;
				CLANG_ANALYZER_NUMBER_OBJECT_CONVERSION = YES_AGGRESSIVE;
				CLANG_CXX_LANGUAGE_STANDARD = "gnu++20";
				CLANG_ENABLE_MODULES = YES;
				CLANG_ENABLE_OBJC_ARC = YES;
				CLANG_ENABLE_OBJC_WEAK = YES;
				CLANG_WARN_BLOCK_CAPTURE_AUTORELEASING = YES;
				CLANG_WARN_BOOL_CONVERSION = YES;
				CLANG_WARN_COMMA = YES;
				CLANG_WARN_CONSTANT_CONVERSION = YES;
				CLANG_WARN_DEPRECATED_OBJC_IMPLEMENTATIONS = YES;
				CLANG_WARN_DIRECT_OBJC_ISA_USAGE = YES_ERROR;
				CLANG_WARN_DOCUMENTATION_COMMENTS = YES;
				CLANG_WARN_EMPTY_BODY = YES;
				CLANG_WARN_ENUM_CONVERSION = YES;
				CLANG_WARN_INFINITE_RECURSION = YES;
				CLANG_WARN_INT_CONVERSION = YES;
				CLANG_WARN_NON_LITERAL_NULL_CONVERSION = YES;
				CLANG_WARN_OBJC_IMPLICIT_RETAIN_SELF = YES;
				CLANG_WARN_OBJC_LITERAL_CONVERSION = YES;
				CLANG_WARN_OBJC_ROOT_CLASS = YES_ERROR;
				CLANG_WARN_QUOTED_INCLUDE_IN_FRAMEWORK_HEADER = YES;
				CLANG_WARN_RANGE_LOOP_ANALYSIS = YES;
				CLANG_WARN_STRICT_PROTOTYPES = YES;
				CLANG_WARN_SUSPICIOUS_MOVE = YES;
				CLANG_WARN_UNGUARDED_AVAILABILITY = YES_AGGRESSIVE;
				CLANG_WARN_UNREACHABLE_CODE = YES;
				CLANG_WARN__DUPLICATE_METHOD_MATCH = YES;
				COPY_PHASE_STRIP = NO;
				DEBUG_INFORMATION_FORMAT = dwarf;
				DEVELOPMENT_TEAM = 2EW64NPE6Q;
				ENABLE_STRICT_OBJC_MSGSEND = YES;
				ENABLE_TESTABILITY = YES;
				ENABLE_USER_SCRIPT_SANDBOXING = YES;
				GCC_C_LANGUAGE_STANDARD = gnu17;
				GCC_DYNAMIC_NO_PIC = NO;
				GCC_NO_COMMON_BLOCKS = YES;
				GCC_OPTIMIZATION_LEVEL = 0;
				GCC_PREPROCESSOR_DEFINITIONS = (
					"DEBUG=1",
					"$(inherited)",
				);
				GCC_WARN_64_TO_32_BIT_CONVERSION = YES;
				GCC_WARN_ABOUT_RETURN_TYPE = YES_ERROR;
				GCC_WARN_UNDECLARED_SELECTOR = YES;
				GCC_WARN_UNINITIALIZED_AUTOS = YES_AGGRESSIVE;
				GCC_WARN_UNUSED_FUNCTION = YES;
				GCC_WARN_UNUSED_VARIABLE = YES;
				IPHONEOS_DEPLOYMENT_TARGET = 18.5;
				LOCALIZATION_PREFERS_STRING_CATALOGS = YES;
				MTL_ENABLE_DEBUG_INFO = INCLUDE_SOURCE;
				MTL_FAST_MATH = YES;
				ONLY_ACTIVE_ARCH = YES;
				SDKROOT = iphoneos;
				SWIFT_ACTIVE_COMPILATION_CONDITIONS = "DEBUG $(inherited)";
				SWIFT_OPTIMIZATION_LEVEL = "-Onone";
			};
			name = Debug;
		};
		50FB1BAF2F200EB4005372E4 /* Release */ = {
			isa = XCBuildConfiguration;
			buildSettings = {
				ALWAYS_SEARCH_USER_PATHS = NO;
				ASSETCATALOG_COMPILER_GENERATE_SWIFT_ASSET_SYMBOL_EXTENSIONS = YES;
				CLANG_ANALYZER_NONNULL = YES;
				CLANG_ANALYZER_NUMBER_OBJECT_CONVERSION = YES_AGGRESSIVE;
				CLANG_CXX_LANGUAGE_STANDARD = "gnu++20";
				CLANG_ENABLE_MODULES = YES;
				CLANG_ENABLE_OBJC_ARC = YES;
				CLANG_ENABLE_OBJC_WEAK = YES;
				CLANG_WARN_BLOCK_CAPTURE_AUTORELEASING = YES;
				CLANG_WARN_BOOL_CONVERSION = YES;
				CLANG_WARN_COMMA = YES;
				CLANG_WARN_CONSTANT_CONVERSION = YES;
				CLANG_WARN_DEPRECATED_OBJC_IMPLEMENTATIONS = YES;
				CLANG_WARN_DIRECT_OBJC_ISA_USAGE = YES_ERROR;
				CLANG_WARN_DOCUMENTATION_COMMENTS = YES;
				CLANG_WARN_EMPTY_BODY = YES;
				CLANG_WARN_ENUM_CONVERSION = YES;
				CLANG_WARN_INFINITE_RECURSION = YES;
				CLANG_WARN_INT_CONVERSION = YES;
				CLANG_WARN_NON_LITERAL_NULL_CONVERSION = YES;
				CLANG_WARN_OBJC_IMPLICIT_RETAIN_SELF = YES;
				CLANG_WARN_OBJC_LITERAL_CONVERSION = YES;
				CLANG_WARN_OBJC_ROOT_CLASS = YES_ERROR;
				CLANG_WARN_QUOTED_INCLUDE_IN_FRAMEWORK_HEADER = YES;
				CLANG_WARN_RANGE_LOOP_ANALYSIS = YES;
				CLANG_WARN_STRICT_PROTOTYPES = YES;
				CLANG_WARN_SUSPICIOUS_MOVE = YES;
				CLANG_WARN_UNGUARDED_AVAILABILITY = YES_AGGRESSIVE;
				CLANG_WARN_UNREACHABLE_CODE = YES;
				CLANG_WARN__DUPLICATE_METHOD_MATCH = YES;
				COPY_PHASE_STRIP = NO;
				DEBUG_INFORMATION_FORMAT = "dwarf-with-dsym";
				DEVELOPMENT_TEAM = 2EW64NPE6Q;
				ENABLE_NS_ASSERTIONS = NO;
				ENABLE_STRICT_OBJC_MSGSEND = YES;
				ENABLE_USER_SCRIPT_SANDBOXING = YES;
				GCC_C_LANGUAGE_STANDARD = gnu17;
				GCC_NO_COMMON_BLOCKS = YES;
				GCC_WARN_64_TO_32_BIT_CONVERSION = YES;
				GCC_WARN_ABOUT_RETURN_TYPE = YES_ERROR;
				GCC_WARN_UNDECLARED_SELECTOR = YES;
				GCC_WARN_UNINITIALIZED_AUTOS = YES_AGGRESSIVE;
				GCC_WARN_UNUSED_FUNCTION = YES;
				GCC_WARN_UNUSED_VARIABLE = YES;
				IPHONEOS_DEPLOYMENT_TARGET = 18.5;
				LOCALIZATION_PREFERS_STRING_CATALOGS = YES;
				MTL_ENABLE_DEBUG_INFO = NO;
				MTL_FAST_MATH = YES;
				SDKROOT = iphoneos;
				SWIFT_COMPILATION_MODE = wholemodule;
				VALIDATE_PRODUCT = YES;
			};
			name = Release;
		};
		50FB1BB12F200EB4005372E4 /* Debug */ = {
			isa = XCBuildConfiguration;
			buildSettings = {
				ASSETCATALOG_COMPILER_APPICON_NAME = AppIcon;
				ASSETCATALOG_COMPILER_GLOBAL_ACCENT_COLOR_NAME = AccentColor;
				CODE_SIGN_STYLE = Automatic;
				CURRENT_PROJECT_VERSION = 1;
				DEVELOPMENT_TEAM = 2EW64NPE6Q;
				ENABLE_PREVIEWS = YES;
				GENERATE_INFOPLIST_FILE = YES;
				INFOPLIST_KEY_UIApplicationSceneManifest_Generation = YES;
				INFOPLIST_KEY_UIApplicationSupportsIndirectInputEvents = YES;
				INFOPLIST_KEY_UILaunchScreen_Generation = YES;
				INFOPLIST_KEY_UISupportedInterfaceOrientations_iPad = "UIInterfaceOrientationPortrait UIInterfaceOrientationPortraitUpsideDown UIInterfaceOrientationLandscapeLeft UIInterfaceOrientationLandscapeRight";
				INFOPLIST_KEY_UISupportedInterfaceOrientations_iPhone = "UIInterfaceOrientationPortrait UIInterfaceOrientationLandscapeLeft UIInterfaceOrientationLandscapeRight";
				LD_RUNPATH_SEARCH_PATHS = (
					"$(inherited)",
					"@executable_path/Frameworks",
				);
				MARKETING_VERSION = 1.0;
				PRODUCT_BUNDLE_IDENTIFIER = "dev.pwtr.jiji-purinto";
				PRODUCT_NAME = "$(TARGET_NAME)";
				SWIFT_EMIT_LOC_STRINGS = YES;
				SWIFT_VERSION = 5.0;
				TARGETED_DEVICE_FAMILY = "1,2";
			};
			name = Debug;
		};
		50FB1BB22F200EB4005372E4 /* Release */ = {
			isa = XCBuildConfiguration;
			buildSettings = {
				ASSETCATALOG_COMPILER_APPICON_NAME = AppIcon;
				ASSETCATALOG_COMPILER_GLOBAL_ACCENT_COLOR_NAME = AccentColor;
				CODE_SIGN_STYLE = Automatic;
				CURRENT_PROJECT_VERSION = 1;
				DEVELOPMENT_TEAM = 2EW64NPE6Q;
				ENABLE_PREVIEWS = YES;
				GENERATE_INFOPLIST_FILE = YES;
				INFOPLIST_KEY_UIApplicationSceneManifest_Generation = YES;
				INFOPLIST_KEY_UIApplicationSupportsIndirectInputEvents = YES;
				INFOPLIST_KEY_UILaunchScreen_Generation = YES;
				INFOPLIST_KEY_UISupportedInterfaceOrientations_iPad = "UIInterfaceOrientationPortrait UIInterfaceOrientationPortraitUpsideDown UIInterfaceOrientationLandscapeLeft UIInterfaceOrientationLandscapeRight";
				INFOPLIST_KEY_UISupportedInterfaceOrientations_iPhone = "UIInterfaceOrientationPortrait UIInterfaceOrientationLandscapeLeft UIInterfaceOrientationLandscapeRight";
				LD_RUNPATH_SEARCH_PATHS = (
					"$(inherited)",
					"@executable_path/Frameworks",
				);
				MARKETING_VERSION = 1.0;
				PRODUCT_BUNDLE_IDENTIFIER = "dev.pwtr.jiji-purinto";
				PRODUCT_NAME = "$(TARGET_NAME)";
				SWIFT_EMIT_LOC_STRINGS = YES;
				SWIFT_VERSION = 5.0;
				TARGETED_DEVICE_FAMILY = "1,2";
			};
			name = Release;
		};
		50FB1BB42F200EB4005372E4 /* Debug */ = {
			isa = XCBuildConfiguration;
			buildSettings = {
				BUNDLE_LOADER = "$(TEST_HOST)";
				CODE_SIGN_STYLE = Automatic;
				CURRENT_PROJECT_VERSION = 1;
				DEVELOPMENT_TEAM = 2EW64NPE6Q;
				GENERATE_INFOPLIST_FILE = YES;
				IPHONEOS_DEPLOYMENT_TARGET = 18.5;
				MARKETING_VERSION = 1.0;
				PRODUCT_BUNDLE_IDENTIFIER = "dev.pwtr.jiji-purintoTests";
				PRODUCT_NAME = "$(TARGET_NAME)";
				SWIFT_EMIT_LOC_STRINGS = NO;
				SWIFT_VERSION = 5.0;
				TARGETED_DEVICE_FAMILY = "1,2";
				TEST_HOST = "$(BUILT_PRODUCTS_DIR)/jiji-purinto.app/$(BUNDLE_EXECUTABLE_FOLDER_PATH)/jiji-purinto";
			};
			name = Debug;
		};
		50FB1BB52F200EB4005372E4 /* Release */ = {
			isa = XCBuildConfiguration;
			buildSettings = {
				BUNDLE_LOADER = "$(TEST_HOST)";
				CODE_SIGN_STYLE = Automatic;
				CURRENT_PROJECT_VERSION = 1;
				DEVELOPMENT_TEAM = 2EW64NPE6Q;
				GENERATE_INFOPLIST_FILE = YES;
				IPHONEOS_DEPLOYMENT_TARGET = 18.5;
				MARKETING_VERSION = 1.0;
				PRODUCT_BUNDLE_IDENTIFIER = "dev.pwtr.jiji-purintoTests";
				PRODUCT_NAME = "$(TARGET_NAME)";
				SWIFT_EMIT_LOC_STRINGS = NO;
				SWIFT_VERSION = 5.0;
				TARGETED_DEVICE_FAMILY = "1,2";
				TEST_HOST = "$(BUILT_PRODUCTS_DIR)/jiji-purinto.app/$(BUNDLE_EXECUTABLE_FOLDER_PATH)/jiji-purinto";
			};
			name = Release;
		};
		50FB1BB72F200EB4005372E4 /* Debug */ = {
			isa = XCBuildConfiguration;
			buildSettings = {
				CODE_SIGN_STYLE = Automatic;
				CURRENT_PROJECT_VERSION = 1;
				DEVELOPMENT_TEAM = 2EW64NPE6Q;
				GENERATE_INFOPLIST_FILE = YES;
				MARKETING_VERSION = 1.0;
				PRODUCT_BUNDLE_IDENTIFIER = "dev.pwtr.jiji-purintoUITests";
				PRODUCT_NAME = "$(TARGET_NAME)";
				SWIFT_EMIT_LOC_STRINGS = NO;
				SWIFT_VERSION = 5.0;
				TARGETED_DEVICE_FAMILY = "1,2";
				TEST_TARGET_NAME = "jiji-purinto";
			};
			name = Debug;
		};
		50FB1BB82F200EB4005372E4 /* Release */ = {
			isa = XCBuildConfiguration;
			buildSettings = {
				CODE_SIGN_STYLE = Automatic;
				CURRENT_PROJECT_VERSION = 1;
				DEVELOPMENT_TEAM = 2EW64NPE6Q;
				GENERATE_INFOPLIST_FILE = YES;
				MARKETING_VERSION = 1.0;
				PRODUCT_BUNDLE_IDENTIFIER = "dev.pwtr.jiji-purintoUITests";
				PRODUCT_NAME = "$(TARGET_NAME)";
				SWIFT_EMIT_LOC_STRINGS = NO;
				SWIFT_VERSION = 5.0;
				TARGETED_DEVICE_FAMILY = "1,2";
				TEST_TARGET_NAME = "jiji-purinto";
			};
			name = Release;
		};
/* End XCBuildConfiguration section */

/* Begin XCConfigurationList section */
		50FB1B8A2F200EB3005372E4 /* Build configuration list for PBXProject "jiji-purinto" */ = {
			isa = XCConfigurationList;
			buildConfigurations = (
				50FB1BAE2F200EB4005372E4 /* Debug */,
				50FB1BAF2F200EB4005372E4 /* Release */,
			);
			defaultConfigurationIsVisible = 0;
			defaultConfigurationName = Release;
		};
		50FB1BB02F200EB4005372E4 /* Build configuration list for PBXNativeTarget "jiji-purinto" */ = {
			isa = XCConfigurationList;
			buildConfigurations = (
				50FB1BB12F200EB4005372E4 /* Debug */,
				50FB1BB22F200EB4005372E4 /* Release */,
			);
			defaultConfigurationIsVisible = 0;
			defaultConfigurationName = Release;
		};
		50FB1BB32F200EB4005372E4 /* Build configuration list for PBXNativeTarget "jiji-purintoTests" */ = {
			isa = XCConfigurationList;
			buildConfigurations = (
				50FB1BB42F200EB4005372E4 /* Debug */,
				50FB1BB52F200EB4005372E4 /* Release */,
			);
			defaultConfigurationIsVisible = 0;
			defaultConfigurationName = Release;
		};
		50FB1BB62F200EB4005372E4 /* Build configuration list for PBXNativeTarget "jiji-purintoUITests" */ = {
			isa = XCConfigurationList;
			buildConfigurations = (
				50FB1BB72F200EB4005372E4 /* Debug */,
				50FB1BB82F200EB4005372E4 /* Release */,
			);
			defaultConfigurationIsVisible = 0;
			defaultConfigurationName = Release;
		};
/* End XCConfigurationList section */
	};
	rootObject = 50FB1B872F200EB3005372E4 /* Project object */;
}
